
Microsoft Visual Studio Solution File, Format Version 12.00
# Visual Studio Version 17
VisualStudioVersion = 17.14.36518.9 d17.14
MinimumVisualStudioVersion = 10.0.40219.1
Project("{FAE04EC0-301F-11D3-BF4B-00C04F79EFBC}") = "LinqHoe1", "LinqHoe1\LinqHoe1.csproj", "{628C1E3D-BDEA-425F-A4E3-AD0905042C69}"
EndProject
Global
	GlobalSection(SolutionConfigurationPlatforms) = preSolution
		Debug|Any CPU = Debug|Any CPU
		Release|Any CPU = Release|Any CPU
	EndGlobalSection
	GlobalSection(ProjectConfigurationPlatforms) = postSolution
		{628C1E3D-BDEA-425F-A4E3-AD0905042C69}.Debug|Any CPU.ActiveCfg = Debug|Any CPU
		{628C1E3D-BDEA-425F-A4E3-AD0905042C69}.Debug|Any CPU.Build.0 = Debug|Any CPU
		{628C1E3D-BDEA-425F-A4E3-AD0905042C69}.Release|Any CPU.ActiveCfg = Release|Any CPU
		{628C1E3D-BDEA-425F-A4E3-AD0905042C69}.Release|Any CPU.Build.0 = Release|Any CPU
	EndGlobalSection
	GlobalSection(SolutionProperties) = preSolution
		HideSolutionNode = FALSE
	EndGlobalSection
	GlobalSection(ExtensibilityGlobals) = postSolution
		SolutionGuid = {BC86BCEF-BCE2-4A73-AB9C-B9D6A9AFC8C0}
	EndGlobalSection
EndGlobal
